
Microsoft Visual Studio Solution File, Format Version 12.00
# Visual Studio Version 16
VisualStudioVersion = 16.0.31112.23
MinimumVisualStudioVersion = 10.0.40219.1
Project("{FAE04EC0-301F-11D3-BF4B-00C04F79EFBC}") = "Combinaison", "Combinaison.csproj", "{9D874A3D-3B68-4259-8EC2-C91A2562768F}"
EndProject
Global
	GlobalSection(SolutionConfigurationPlatforms) = preSolution
		Debug|Any CPU = Debug|Any CPU
		Release|Any CPU = Release|Any CPU
	EndGlobalSection
	GlobalSection(ProjectConfigurationPlatforms) = postSolution
		{9D874A3D-3B68-4259-8EC2-C91A2562768F}.Debug|Any CPU.ActiveCfg = Debug|Any CPU
		{9D874A3D-3B68-4259-8EC2-C91A2562768F}.Debug|Any CPU.Build.0 = Debug|Any CPU
		{9D874A3D-3B68-4259-8EC2-C91A2562768F}.Release|Any CPU.ActiveCfg = Release|Any CPU
		{9D874A3D-3B68-4259-8EC2-C91A2562768F}.Release|Any CPU.Build.0 = Release|Any CPU
	EndGlobalSection
	GlobalSection(SolutionProperties) = preSolution
		HideSolutionNode = FALSE
	EndGlobalSection
	GlobalSection(ExtensibilityGlobals) = postSolution
		SolutionGuid = {85D1975E-1966-467D-8442-AB354B2D1EE0}
	EndGlobalSection
EndGlobal
